{
  "version": 2,
  "dependencies": {
    "net10.0": {
      "coverlet.collector": {
        "type": "Direct",
        "requested": "[3.0.4-preview.27.ge7cb7c3b40, )",
        "resolved": "3.0.4-preview.27.ge7cb7c3b40",
        "contentHash": "7e3ahqRi+XspD76vocfElgdBCDSovf4lerJ0LE7xRX3tGfkAtewo6lz1R6tFhj6njKHp5x34TJsbAMpwsCgtJw==",
        "dependencies": {
          "Microsoft.TestPlatform.ObjectModel": "16.9.1",
          "coverlet.core": "3.0.4-preview.27.ge7cb7c3b40"
        }
      },
      "Microsoft.AspNetCore.SignalR.Client": {
        "type": "Direct",
        "requested": "[10.0.12, )",
        "resolved": "10.0.12",
        "contentHash": "p5EFZrp20HlS1MbYkreyhHy4nXeq/LrXVLWbQLBuAz2eFCdSnKfoNVlxZYbFoEjzJxa68CYdEFe9ObCaYTUP8Q==",
        "dependencies": {
          "Microsoft.AspNetCore.Http.Connections.Client": "10.0.12",
          "Microsoft.AspNetCore.SignalR.Client.Core": "10.0.12"
        }
      },
      "Microsoft.NET.Test.Sdk": {
        "type": "Direct",
        "requested": "[17.14.1, )",
        "resolved": "17.14.1",
        "contentHash": "HJKqKOE+vshXra2aEHpi2TlxYX7Z9VFYkr+E5rwEvHC8eIXiyO+K9kNm8vmNom3e2rA56WqxU+/N9NJlLGXsJQ==",
        "dependencies": {
          "Microsoft.CodeCoverage": "17.14.1",
          "Microsoft.TestPlatform.TestHost": "17.14.1"
        }
      },
      "NUnit": {
        "type": "Direct",
        "requested": "[3.14.0, )",
        "resolved": "3.14.0",
        "contentHash": "R7iPwD7kbOaP3o2zldWJbWeMQAvDKD0uld27QvA3PAALl1unl7x0v2J7eGiJOYjimV/BuGT4VJmr45RjS7z4LA==",
        "dependencies": {
          "NETStandard.Library": "2.0.0"
        }
      },
      "NUnit3TestAdapter": {
        "type": "Direct",
        "requested": "[4.6.0, )",
        "resolved": "4.6.0",
        "contentHash": "R7e1+a4vuV/YS+ItfL7f//rG+JBvVeVLX4mHzFEZo4W1qEKl8Zz27AqvQSAqo+BtIzUCo4aAJMYa56VXS4hudw=="
      },
      "NunitXml.TestLogger": {
        "type": "Direct",
        "requested": "[3.1.20, )",
        "resolved": "3.1.20",
        "contentHash": "Pd9EYPNsQGaKYW+F+l7vTuvDjp8tzTYLqqfLM1Sz5WwLHhvnaJArQZjw/93WF3i07Rxb50WFVu0kjrjKCVFHDg=="
      },
      "StyleCop.Analyzers": {
        "type": "Direct",
        "requested": "[1.1.118, )",
        "resolved": "1.1.118",
        "contentHash": "Onx6ovGSqXSK07n/0eM3ZusiNdB6cIlJdabQhWGgJp3Vooy9AaLS/tigeybOJAobqbtggTamoWndz72JscZBvw=="
      },
      "BouncyCastle.Cryptography": {
        "type": "Transitive",
        "resolved": "2.7.0",
        "contentHash": "U+12df8UEWHgBi04YVf/Lgi2dy3SItlIYvHjjEVa/BngCQIzDCDRBk50DDByCfDvSbe5pRNFr3b7UrVK2kMcLw=="
      },
      "Castle.Core": {
        "type": "Transitive",
        "resolved": "5.2.1",
        "contentHash": "wHARzQA695jwwKreOzNsq54KiGqKP38tv8hi8e2FXDEC/sA6BtrX90tVPDkOfVu13PbEzr00TCV8coikl+D1Iw=="
      },
      "coverlet.core": {
        "type": "Transitive",
        "resolved": "3.0.4-preview.27.ge7cb7c3b40",
        "contentHash": "BkGpLl1HpyWwJxMMkKXJBM743CfgXbhy2nwpjOFzYccuAs3MhzRt0JIppTDjZ3iw34Ff06BMKLK1bSZruICRqA==",
        "dependencies": {
          "Microsoft.Extensions.DependencyModel": "2.1.0",
          "Mono.Cecil": "0.11.1",
          "Newtonsoft.Json": "9.0.1"
        }
      },
      "Dynamitey": {
        "type": "Transitive",
        "resolved": "2.0.9.136",
        "contentHash": "SzGWOl8nKR4r7WYiyMgJ0n/MuncdtPSyjxe1+znH8KVKOFQAckXFOeqOXgcWSMLHT+ehAYtZHPWjX+GsH7eI4Q==",
        "dependencies": {
          "NETStandard.Library": "1.6.1"
        }
      },
      "Microsoft.AspNetCore.Http.Connections.Client": {
        "type": "Transitive",
        "resolved": "10.0.12",
        "contentHash": "HEO648tD8OyX6aUNQwJSl1eKQk5eQChuHTqpybv2ep7/518/M27yeDDFxAh2M/LW+22tbbooao6raNEHm7lBhA=="
      },
      "Microsoft.AspNetCore.SignalR.Client.Core": {
        "type": "Transitive",
        "resolved": "10.0.12",
        "contentHash": "+kCyWCOvZteBkqfbpmoi+ejIR1XVJOY4ydDNYrYt1WdXv/ruJS4WjDfCizGZ5lvn/OmRdMuVdh8opopbNveQcw=="
      },
      "Microsoft.Bcl.AsyncInterfaces": {
        "type": "Transitive",
        "resolved": "6.0.0",
        "contentHash": "UcSjPsst+DfAdJGVDsu346FX0ci0ah+lw3WRtn18NUwEqRt70HaOQ7lI72vy3+1LxtqI3T5GWwV39rQSrCzAeg=="
      },
      "Microsoft.CodeCoverage": {
        "type": "Transitive",
        "resolved": "17.14.1",
        "contentHash": "pmTrhfFIoplzFVbhVwUquT+77CbGH+h4/3mBpdmIlYtBi9nAB+kKI6dN3A/nV4DFi3wLLx/BlHIPK+MkbQ6Tpg=="
      },
      "Microsoft.Data.SqlClient.SNI.runtime": {
        "type": "Transitive",
        "resolved": "2.1.1",
        "contentHash": "JwGDWkyZgm7SATJmFLfT2G4teimvNbNtq3lsS9a5DzvhEZnQrZjZhevCU0vdx8MjheLHoG5vocuO03QtioFQxQ=="
      },
      "Microsoft.DotNet.PlatformAbstractions": {
        "type": "Transitive",
        "resolved": "2.1.0",
        "contentHash": "9KPDwvb/hLEVXYruVHVZ8BkebC8j17DmPb56LnqRF74HqSPLjCkrlFUjOtFpQPA2DeADBRTI/e69aCfRBfrhxw=="
      },
      "Microsoft.Extensions.DependencyModel": {
        "type": "Transitive",
        "resolved": "2.1.0",
        "contentHash": "nS2XKqi+1A1umnYNLX2Fbm/XnzCxs5i+zXVJ3VC6r9t2z0NZr9FLnJN4VQpKigdcWH/iFTbMuX6M6WQJcTjVIg==",
        "dependencies": {
          "Microsoft.DotNet.PlatformAbstractions": "2.1.0",
          "Newtonsoft.Json": "9.0.1"
        }
      },
      "Microsoft.Identity.Client": {
        "type": "Transitive",
        "resolved": "4.21.1",
        "contentHash": "vycgk7S/HAbHaUaK4Tid1fsWHsXdFRRP2KavAIOHCVV27zvuQfYAjXmMvctuuF4egydSumG58CwPZob3gWeYgQ=="
      },
      "Microsoft.IdentityModel.Abstractions": {
        "type": "Transitive",
        "resolved": "6.36.0",
        "contentHash": "o9NqPQUfLjFCPNDCEEl2K8TskjC7fIWa8u8VRmx0PxzJCaUcQfdTyeutgP3+8AKkAy62IJWZH4bmFzr21gX4WQ=="
      },
      "Microsoft.IdentityModel.Logging": {
        "type": "Transitive",
        "resolved": "6.36.0",
        "contentHash": "rp2UEzUKFi1GBWD0Mv0fHodvj6SL+rxh6iAmzpL1z9sRAuTLx9+8skMjdM+L8sJ3Hrrqki1kHWuYEe0HN/GrNg==",
        "dependencies": {
          "Microsoft.IdentityModel.Abstractions": "6.36.0"
        }
      },
      "Microsoft.IdentityModel.Protocols": {
        "type": "Transitive",
        "resolved": "6.36.0",
        "contentHash": "ODK3Nr7PbTItXFavZ+tfNnBcBxb85v7OpXZc1l4s3OrmVLJzV7SHdqaAMOds6+5OYqt8UdOketAcPegTKj54ug==",
        "dependencies": {
          "Microsoft.IdentityModel.Logging": "6.36.0",
          "Microsoft.IdentityModel.Tokens": "6.36.0"
        }
      },
      "Microsoft.IdentityModel.Tokens": {
        "type": "Transitive",
        "resolved": "6.36.0",
        "contentHash": "WXFmWvHSVYrVv8HmewZvAA7toB8OJ3qu60hgkULI833tONuhLpUuI/MUhOShSqOPuNTdDmbJsiHxGcRPY1/Lyg==",
        "dependencies": {
          "Microsoft.IdentityModel.Logging": "6.36.0"
        }
      },
      "Microsoft.NETCore.Platforms": {
        "type": "Transitive",
        "resolved": "1.1.0",
        "contentHash": "kz0PEW2lhqygehI/d6XsPCQzD7ff7gUJaVGPVETX611eadGsA3A877GdSlU0LRVMCTH/+P3o2iDTak+S08V2+A=="
      },
      "Microsoft.OpenApi": {
        "type": "Transitive",
        "resolved": "1.6.14",
        "contentHash": "tTaBT8qjk3xINfESyOPE2rIellPvB7qpVqiWiyA/lACVvz+xOGiXhFUfohcx82NLbi5avzLW0lx+s6oAqQijfw=="
      },
      "Microsoft.TestPlatform.ObjectModel": {
        "type": "Transitive",
        "resolved": "17.14.1",
        "contentHash": "xTP1W6Mi6SWmuxd3a+jj9G9UoC850WGwZUps1Wah9r1ZxgXhdJfj1QqDLJkFjHDCvN42qDL2Ps5KjQYWUU0zcQ=="
      },
      "Microsoft.TestPlatform.TestHost": {
        "type": "Transitive",
        "resolved": "17.14.1",
        "contentHash": "d78LPzGKkJwsJXAQwsbJJ7LE7D1wB+rAyhHHAaODF+RDSQ0NgMjDFkSA1Djw18VrxO76GlKAjRUhl+H8NL8Z+Q==",
        "dependencies": {
          "Microsoft.TestPlatform.ObjectModel": "17.14.1",
          "Newtonsoft.Json": "13.0.3"
        }
      },
      "MimeKit": {
        "type": "Transitive",
        "resolved": "4.18.1",
        "contentHash": "D8AfFVMFVJldWmhQWCziC9nWUN/zayFFBAKpyjVyCeh0tqBiI9jtUVuMrKgWw1EGnCp09msDZldbRvp2jfUehQ==",
        "dependencies": {
          "BouncyCastle.Cryptography": "2.7.0",
          "System.Security.Cryptography.Pkcs": "10.0.0"
        }
      },
      "Mono.Cecil": {
        "type": "Transitive",
        "resolved": "0.11.1",
        "contentHash": "RWBcccuMn8gxAasJxBBAb848qkt3S2t/7bEaEXtxQU6ROv1v0p7kk3+Xga4G+k+bKbLBla1bsrUt+8pAccaDwQ=="
      },
      "Mono.Nat": {
        "type": "Transitive",
        "resolved": "3.0.1",
        "contentHash": "TLaz/q4i81y5nRyqBlJO2JS73JRyB1y6uhcgxhiyIn3MMIgH1mlTOPZNX7uUB0XYg6+7Igp4tFAqf/u+Unc3tw=="
      },
      "NETStandard.Library": {
        "type": "Transitive",
        "resolved": "2.0.0",
        "contentHash": "7jnbRU+L08FXKMxqUflxEXtVymWvNOrS8yHgu9s6EM8Anr6T/wIX4nZ08j/u3Asz+tCufp3YVwFSEvFTPYmBPA==",
        "dependencies": {
          "Microsoft.NETCore.Platforms": "1.1.0"
        }
      },
      "NodaTime": {
        "type": "Transitive",
        "resolved": "3.2.0",
        "contentHash": "yoRA3jEJn8NM0/rQm78zuDNPA3DonNSZdsorMUj+dltc1D+/Lc5h9YXGqbEEZozMGr37lAoYkcSM/KjTVqD0ow=="
      },
      "Polly.Contrib.WaitAndRetry": {
        "type": "Transitive",
        "resolved": "1.1.1",
        "contentHash": "1MUQLiSo4KDkQe6nzQRhIU05lm9jlexX5BVsbuw0SL82ynZ+GzAHQxJVDPVBboxV37Po3SG077aX8DuSy8TkaA=="
      },
      "Polly.Core": {
        "type": "Transitive",
        "resolved": "8.5.2",
        "contentHash": "1MJKdxv4zwDmiWvYvVN24DsrWUfgQ4F83voH8bhbtLMdPuGy8CfTUzsgQhvyrl1a7hrM6f/ydwLVdVUI0xooUw=="
      },
      "ReusableTasks": {
        "type": "Transitive",
        "resolved": "2.0.0",
        "contentHash": "HWb7Yy7dQfWPh0V4X42ounPkrzUvL6gB7bwshX7EqBDCl879iBQIS0TRrXFXKOTO2dNJxaEfXnAbX8Fzv3U7Cw=="
      },
      "Servarr.FluentMigrator": {
        "type": "Transitive",
        "resolved": "3.3.2.9",
        "contentHash": "M14WFK/Bdo9/lZLjY0Dxtd2zaOpIxf9o7iBMZtIAAgjlYv84MfPoCbR9xTbMpwyD3kQQD4Y9rc8WUEgB8VqT+w==",
        "dependencies": {
          "Servarr.FluentMigrator.Abstractions": "3.3.2.9"
        }
      },
      "Servarr.FluentMigrator.Abstractions": {
        "type": "Transitive",
        "resolved": "3.3.2.9",
        "contentHash": "DvcsKD7cMchwG3QEKRLoFlnDfgJ2eZfQI/cQS+Fqdv++R14ZeUiTxFoEBelTpg7UsrTrjIdy962DR/O3Mo9elA==",
        "dependencies": {
          "System.ComponentModel.Annotations": "4.4.1"
        }
      },
      "Servarr.FluentMigrator.Extensions.Oracle": {
        "type": "Transitive",
        "resolved": "3.3.2.9",
        "contentHash": "+vmpu8vSo7lhucNy+OxGUHk1liNgBlWP23TmtxJcYnb68uDaW14+zV8YbJIMX+Q7S625KHTD9VheGVAvhl1LiQ==",
        "dependencies": {
          "Servarr.FluentMigrator.Abstractions": "3.3.2.9"
        }
      },
      "Servarr.FluentMigrator.Extensions.Postgres": {
        "type": "Transitive",
        "resolved": "3.3.2.9",
        "contentHash": "THC+jL+dPYBuNSEcRAohi+EsOo3uOMemZ+b8RIn9tp6aqgRTIbMGRwiOeuljo0PMoeuCV/GzCy+yuLyhUyKIaQ==",
        "dependencies": {
          "Servarr.FluentMigrator.Abstractions": "3.3.2.9"
        }
      },
      "Servarr.FluentMigrator.Extensions.SqlAnywhere": {
        "type": "Transitive",
        "resolved": "3.3.2.9",
        "contentHash": "/1rMhfH3hrfPubECFYLoa4RtGTZg2Lcrzwu6/2gmlfrAUbua76YUqkid78bhF7RoVguGg/sF6sHSgTzGyF/qKA==",
        "dependencies": {
          "Servarr.FluentMigrator.Abstractions": "3.3.2.9"
        }
      },
      "Servarr.FluentMigrator.Extensions.SqlServer": {
        "type": "Transitive",
        "resolved": "3.3.2.9",
        "contentHash": "4hWn2kLme/a10dZM4HiQkynLWUkLB7nHmEbmr54LI1CcocXarkPLJCKLpoDr47hytTPiVjQ4NG564W5LfIvSsA==",
        "dependencies": {
          "Servarr.FluentMigrator.Abstractions": "3.3.2.9"
        }
      },
      "Servarr.FluentMigrator.Runner.Core": {
        "type": "Transitive",
        "resolved": "3.3.2.9",
        "contentHash": "Y6s1LS0Zq0A57pdGWc6WekX1kujmtmqOBuV7FEff9DN7zA2CNI/MDA0khyj1FX1JFZHkz/JTFYvDS1Alv9S/ZA==",
        "dependencies": {
          "Servarr.FluentMigrator.Abstractions": "3.3.2.9"
        }
      },
      "Servarr.FluentMigrator.Runner.Db2": {
        "type": "Transitive",
        "resolved": "3.3.2.9",
        "contentHash": "N6bnd8WY2SoRpaJGZ6mdcjQ8kdNXvp+AA6gA/QVBwCRCajO2SlKz6jbKE+Qwe5UOxs1+h8Hroasy8ca/YHu/UA==",
        "dependencies": {
          "Servarr.FluentMigrator.Runner.Core": "3.3.2.9"
        }
      },
      "Servarr.FluentMigrator.Runner.Firebird": {
        "type": "Transitive",
        "resolved": "3.3.2.9",
        "contentHash": "Ta77P3QrJ8A6AmvBp7eD8ZTW2c4BZcKGkvEr1JM46jzBAeuUVIHbl7YQ0kicO8g5/siANUtLceoOQ8ngjEHyqA==",
        "dependencies": {
          "Servarr.FluentMigrator.Runner.Core": "3.3.2.9"
        }
      },
      "Servarr.FluentMigrator.Runner.Hana": {
        "type": "Transitive",
        "resolved": "3.3.2.9",
        "contentHash": "Ak4sVhoFFl7c7jIlb1+JiHL/DN1Wv1WRWEiqBahmVyUpiCvhWafQchpgiK1mqc4oCVIk7kKMfCG2+HYRFuEyMQ==",
        "dependencies": {
          "Servarr.FluentMigrator.Runner.Core": "3.3.2.9"
        }
      },
      "Servarr.FluentMigrator.Runner.MySql": {
        "type": "Transitive",
        "resolved": "3.3.2.9",
        "contentHash": "nJbTaRGADVc7zfKCLPtdbu1npMwADZ9sCDfmFq0lBv5L1IJs/wzxY9EE3Aj9auxr8dvUkBDAfEHoT7PkfP3/Kg==",
        "dependencies": {
          "Servarr.FluentMigrator.Runner.Core": "3.3.2.9"
        }
      },
      "Servarr.FluentMigrator.Runner.Oracle": {
        "type": "Transitive",
        "resolved": "3.3.2.9",
        "contentHash": "1GErfdWlElvpIW+x5iE+dbJb86B7xfFh/9EwsNf7SggeNT57kuisiyK2WV+x7Ozf3L6eZpimFfW6Hy4e/uzH4Q==",
        "dependencies": {
          "Servarr.FluentMigrator.Extensions.Oracle": "3.3.2.9",
          "Servarr.FluentMigrator.Runner.Core": "3.3.2.9"
        }
      },
      "Servarr.FluentMigrator.Runner.Redshift": {
        "type": "Transitive",
        "resolved": "3.3.2.9",
        "contentHash": "oZD3cMn3FYW26c2M1to1w4wM/sow2PcXvzX2x61OUDjQZ5F3Y9Rrqt4EJ6vvTyqCXmN4FLAylj2c4VnjTD5o/A==",
        "dependencies": {
          "Servarr.FluentMigrator.Runner.Core": "3.3.2.9"
        }
      },
      "Servarr.FluentMigrator.Runner.SqlAnywhere": {
        "type": "Transitive",
        "resolved": "3.3.2.9",
        "contentHash": "ZKgXl7AMKQMcVN+N5ftsSV+sJNHKo8eW0et95VbGX7EWPlYtGAr8KQf0vtJi8MUbZpX+m4cgE0pV2G9ZRCWttA==",
        "dependencies": {
          "Servarr.FluentMigrator.Extensions.SqlAnywhere": "3.3.2.9",
          "Servarr.FluentMigrator.Runner.Core": "3.3.2.9"
        }
      },
      "Servarr.FluentMigrator.Runner.SqlServer": {
        "type": "Transitive",
        "resolved": "3.3.2.9",
        "contentHash": "IrOlIZNHwjFTS7ZPFadzYE4xmaYsD5oXkIy+aPTRbtAG1FGVLGyg+5zMSVF1eExZGhXDxEUl5hpJN7THz99L9Q==",
        "dependencies": {
          "Microsoft.Data.SqlClient": "2.1.2",
          "Servarr.FluentMigrator.Extensions.SqlServer": "3.3.2.9",
          "Servarr.FluentMigrator.Runner.Core": "3.3.2.9"
        }
      },
      "Servarr.FluentMigrator.Runner.SqlServerCe": {
        "type": "Transitive",
        "resolved": "3.3.2.9",
        "contentHash": "EnVlHbaNkr1fdWmaHiEpKwdaPaWd1X3YAduCJ9kR82mmMb2byPOtVCPFPnSJyKRCBLEbLg/fsuWAW2k286AMwg==",
        "dependencies": {
          "Servarr.FluentMigrator.Runner.SqlServer": "3.3.2.9",
          "System.Security.Permissions": "4.7.0"
        }
      },
      "SixLabors.Fonts": {
        "type": "Transitive",
        "resolved": "1.0.0-beta17",
        "contentHash": "qubgVovAoSR7vyv9tJ68gSzRIPWz7HBjTM9rwAaLjpcJ6T50arnX+GHAZcC0r2mVagyRMknCNda3DGoe8StUUQ=="
      },
      "Swashbuckle.AspNetCore.Swagger": {
        "type": "Transitive",
        "resolved": "6.6.2",
        "contentHash": "ovgPTSYX83UrQUWiS5vzDcJ8TEX1MAxBgDFMK45rC24MorHEPQlZAHlaXj/yth4Zf6xcktpUgTEBvffRQVwDKA==",
        "dependencies": {
          "Microsoft.OpenApi": "1.6.14"
        }
      },
      "System.ComponentModel.Annotations": {
        "type": "Transitive",
        "resolved": "5.0.0",
        "contentHash": "dMkqfy2el8A8/I76n2Hi1oBFEbG1SfxD2l5nhwXV3XjlnOmwxJlQbYpJH4W51odnU9sARCSAgv7S3CyAFMkpYg=="
      },
      "System.Runtime.Caching": {
        "type": "Transitive",
        "resolved": "4.7.0",
        "contentHash": "NdvNRjTPxYvIEhXQszT9L9vJhdQoX6AQ0AlhjTU+5NqFQVuacJTfhPVAvtGWNA2OJCqRiR/okBcZgMwI6MqcZg==",
        "dependencies": {
          "System.Configuration.ConfigurationManager": "4.7.0"
        }
      },
      "System.Security.Cryptography.Pkcs": {
        "type": "Transitive",
        "resolved": "10.0.0",
        "contentHash": "UPWqLSygJlFerRi9XNIuM0a1VC8gHUIufyP24xQ0sc+XimqUAEcjpOz9DhKpyDjH+5B/wO3RpC0KpkEeDj/ddg=="
      },
      "System.Security.Cryptography.ProtectedData": {
        "type": "Transitive",
        "resolved": "10.0.12",
        "contentHash": "wO0W8VDMeRJZakRySOmemAnrBZMwEFRlbfBtATxUiLf2I3IhSRnCp1Vt157NWptdE4IJ7eftd5n8q9LtaKHFTQ=="
      },
      "System.Windows.Extensions": {
        "type": "Transitive",
        "resolved": "10.0.12",
        "contentHash": "J+FZruVjELSk2NMe3MQNyCXszIlx1b7qOjUBCSbhabomYIVWpFS5QCnPdxE8K6SVt7Gja7ohpXX1oLLXRAIuzw=="
      },
      "readarr.api.v1": {
        "type": "Project",
        "dependencies": {
          "FluentValidation": "[9.5.4, )",
          "Ical.Net": "[4.3.1, )",
          "NLog": "[5.5.1, )",
          "Readarr.Common": "[1.0.0, )",
          "Readarr.Core": "[1.0.0, )",
          "Readarr.Http": "[1.0.0, )",
          "Readarr.SignalR": "[1.0.0, )",
          "Swashbuckle.AspNetCore.Annotations": "[6.6.2, )",
          "System.IO.Abstractions": "[17.0.24, )",
          "System.Reflection.TypeExtensions": "[4.7.0, )"
        }
      },
      "readarr.common": {
        "type": "Project",
        "dependencies": {
          "DryIoc.dll": "[5.4.3, )",
          "IPAddressRange": "[6.3.0, )",
          "Microsoft.Extensions.Hosting.WindowsServices": "[10.0.12, )",
          "NLog": "[5.5.1, )",
          "NLog.Extensions.Logging": "[5.5.0, )",
          "Newtonsoft.Json": "[13.0.4, )",
          "SharpZipLib": "[1.4.2, )",
          "System.Configuration.ConfigurationManager": "[10.0.12, )",
          "System.Data.SQLite.Core.Servarr": "[1.0.115.5-18, )",
          "System.IO.Abstractions": "[17.0.24, )",
          "System.ServiceProcess.ServiceController": "[10.0.12, )",
          "System.ValueTuple": "[4.6.1, )"
        }
      },
      "readarr.core": {
        "type": "Project",
        "dependencies": {
          "Dapper": "[2.1.89, )",
          "Diacritical.Net": "[1.0.5, )",
          "Equ": "[2.3.0, )",
          "FluentValidation": "[9.5.4, )",
          "LazyCache": "[2.4.0, )",
          "MailKit": "[4.18.1, )",
          "Microsoft.Data.SqlClient": "[2.1.7, )",
          "Microsoft.IdentityModel.JsonWebTokens": "[6.36.0, )",
          "Microsoft.IdentityModel.Protocols.OpenIdConnect": "[6.36.0, )",
          "Microsoft.Playwright": "[1.63.0, )",
          "MonoTorrent": "[2.0.7, )",
          "NLog": "[5.5.1, )",
          "NLog.Targets.Syslog": "[7.0.0, )",
          "Newtonsoft.Json": "[13.0.4, )",
          "Npgsql": "[7.0.10, )",
          "PdfSharpCore": "[1.3.65, )",
          "Polly": "[8.5.2, )",
          "Readarr.Common": "[1.0.0, )",
          "RestSharp": "[106.15.0, )",
          "Servarr.FluentMigrator.Runner": "[3.3.2.9, )",
          "Servarr.FluentMigrator.Runner.Postgres": "[3.3.2.9, )",
          "Servarr.FluentMigrator.Runner.SQLite": "[3.3.2.9, )",
          "SixLabors.ImageSharp": "[3.1.11, )",
          "System.IO.Abstractions": "[17.0.24, )",
          "System.IdentityModel.Tokens.Jwt": "[6.36.0, )",
          "TagLibSharp-Lidarr": "[2.4.0, )"
        }
      },
      "readarr.http": {
        "type": "Project",
        "dependencies": {
          "FluentValidation": "[9.5.4, )",
          "ImpromptuInterface": "[7.0.1, )",
          "NLog": "[5.5.1, )",
          "Readarr.Core": "[1.0.0, )",
          "Readarr.SignalR": "[1.0.0, )"
        }
      },
      "readarr.signalr": {
        "type": "Project",
        "dependencies": {
          "Readarr.Core": "[1.0.0, )"
        }
      },
      "readarr.test.common": {
        "type": "Project",
        "dependencies": {
          "FluentAssertions": "[5.10.3, )",
          "FluentValidation": "[9.5.4, )",
          "Moq": "[4.21.0, )",
          "NLog": "[5.5.1, )",
          "NUnit": "[3.14.0, )",
          "Newtonsoft.Json": "[13.0.4, )",
          "Readarr.Common": "[1.0.0, )",
          "Readarr.Core": "[1.0.0, )",
          "RestSharp": "[106.15.0, )",
          "RestSharp.Serializers.SystemTextJson": "[106.15.0, )",
          "System.IO.Abstractions": "[17.0.24, )",
          "System.IO.Abstractions.TestingHelpers": "[17.0.24, )"
        }
      },
      "TagLibSharp-Lidarr": {
        "type": "Project"
      },
      "Dapper": {
        "type": "CentralTransitive",
        "requested": "[2.1.89, )",
        "resolved": "2.1.89",
        "contentHash": "1VjFE664wnxvuhlgP8kS4PeFFF4jqD3VkbIHW6Zlc52zuibgcz5ICnIHcQXlTp6pURpPNGLV0ZpNe5x9KePJnA=="
      },
      "Diacritical.Net": {
        "type": "CentralTransitive",
        "requested": "[1.0.5, )",
        "resolved": "1.0.5",
        "contentHash": "OuidkgWgwMJnpXUSmZccm/Lzvt+hoiRGqXOn96RUucEHFXwoKQrPVdDNo0eP1BDdFLLQ1ZFCV1FtIoQjmN3Zig=="
      },
      "DryIoc.dll": {
        "type": "CentralTransitive",
        "requested": "[5.4.3, )",
        "resolved": "5.4.3",
        "contentHash": "yhXOG3SOxeWYxBAWskNRDD8fzw5hriEawv4VN4WKaFHOuubiop4kxe2rkWTEyCnTgRVgxVUSQCDBBkZqwPm1iQ=="
      },
      "Equ": {
        "type": "CentralTransitive",
        "requested": "[2.3.0, )",
        "resolved": "2.3.0",
        "contentHash": "vmu8NGGdy6R8UEIxDJ8Ir4HWxuHvHWO70fL51H29oF+dF/2bNjVS1ueDYn/ZZFPPsriL/5Ee3DDXu5OhTQQ5Cw=="
      },
      "FluentAssertions": {
        "type": "CentralTransitive",
        "requested": "[5.10.3, )",
        "resolved": "5.10.3",
        "contentHash": "gVPEVp1hLVqcv+7Q2wiDf7kqCNn7+bQcQ0jbJ2mcRT6CeRoZl1tNkqvzSIhvekyldDptk77j1b03MXTTRIqqpg==",
        "dependencies": {
          "System.Configuration.ConfigurationManager": "4.4.0"
        }
      },
      "FluentValidation": {
        "type": "CentralTransitive",
        "requested": "[9.5.4, )",
        "resolved": "9.5.4",
        "contentHash": "dnAz4PUtSSa+8EGWDUmEZujOa9rvzxln4BgokZZfO2Gbcj0612TMISU4vkvL60qIy5DI/sDF9Oy1iMXr7sJW3A=="
      },
      "Ical.Net": {
        "type": "CentralTransitive",
        "requested": "[4.3.1, )",
        "resolved": "4.3.1",
        "contentHash": "ZQHNJAy26XeW0OnVRxyHW1xNWkLdueIInPCo76sdNCC0Sr8dAfBzN3DApWWk2r0nwCU0oJIGsrFHdCcQu5RWag==",
        "dependencies": {
          "NodaTime": "3.2.0"
        }
      },
      "ImpromptuInterface": {
        "type": "CentralTransitive",
        "requested": "[7.0.1, )",
        "resolved": "7.0.1",
        "contentHash": "9w44OsRuNJoAX0dbVoNqdljCqQIk33Hha5W+BcnWVwawFCEuVBDZbPQafgE1gVvvRaQhc1FOIKuJIIhXZmadvA==",
        "dependencies": {
          "Dynamitey": "2.0.9.136"
        }
      },
      "IPAddressRange": {
        "type": "CentralTransitive",
        "requested": "[6.3.0, )",
        "resolved": "6.3.0",
        "contentHash": "VrGoeUz+ZK2QiwHNj+vab9uOvTDucenRseJZjc4uB7ASduQ7RNWnpd8gy1e9z2BsY4VoigVaCRrcQCQKuQVSiw=="
      },
      "LazyCache": {
        "type": "CentralTransitive",
        "requested": "[2.4.0, )",
        "resolved": "2.4.0",
        "contentHash": "THig17vqe5PEs3wvTqFrNzorz2nD4Qz9F9C3YlAydU673CogAO8z1u8NNJD6x52I7oDCQ/N/HwJIZMBH8Y/Qiw=="
      },
      "MailKit": {
        "type": "CentralTransitive",
        "requested": "[4.18.1, )",
        "resolved": "4.18.1",
        "contentHash": "EssBsnKHvIcH1QpqqsVUEWAlAHI3dkGXJpKAzSNJ8PGjClNynSo9bRkT68jVZkxhREm0Z51Dwu3127f4WfIiRg==",
        "dependencies": {
          "MimeKit": "4.18.1"
        }
      },
      "Microsoft.Data.SqlClient": {
        "type": "CentralTransitive",
        "requested": "[2.1.7, )",
        "resolved": "2.1.7",
        "contentHash": "dSdlcXPszeOjjDX9a0buMFgYqKrI5bTxdSgX3JyCa+OL80NUstJSxOJr0j9oOn8mpP5PgWeRC2bVf/Zf2Cjv+g==",
        "dependencies": {
          "Microsoft.Data.SqlClient.SNI.runtime": "2.1.1",
          "Microsoft.Identity.Client": "4.21.1",
          "Microsoft.IdentityModel.JsonWebTokens": "6.8.0",
          "Microsoft.IdentityModel.Protocols.OpenIdConnect": "6.8.0",
          "System.Configuration.ConfigurationManager": "4.7.0",
          "System.Runtime.Caching": "4.7.0"
        }
      },
      "Microsoft.Extensions.Hosting.WindowsServices": {
        "type": "CentralTransitive",
        "requested": "[10.0.12, )",
        "resolved": "10.0.12",
        "contentHash": "Za5xCWb7jkHd7+hYu8C22uIf0DGhNASIiXo1xSU450nj01RFCerP06h1Bh3kxUm+5DijfgP0gtpY6v+oI/UI4g==",
        "dependencies": {
          "System.ServiceProcess.ServiceController": "10.0.12"
        }
      },
      "Microsoft.IdentityModel.JsonWebTokens": {
        "type": "CentralTransitive",
        "requested": "[6.36.0, )",
        "resolved": "6.36.0",
        "contentHash": "DxRgLbNHolfLyuaf/G9Hqju02QCUHWbi7nFQpg+3PnsUGw1vEgSVrpLIhpJpYO23UegFvgO+y5mhyLEKIB8rPw==",
        "dependencies": {
          "Microsoft.IdentityModel.Tokens": "6.36.0"
        }
      },
      "Microsoft.IdentityModel.Protocols.OpenIdConnect": {
        "type": "CentralTransitive",
        "requested": "[6.36.0, )",
        "resolved": "6.36.0",
        "contentHash": "nD1RNQjMYKgOL1Bp8pSWx7G6F6R/Rkq/fTw4epRjY8v2AYeXk0Fy6Gyt7k+JsPZ7ZJzkW9V9K+u3DPoz/oL5PQ==",
        "dependencies": {
          "Microsoft.IdentityModel.Protocols": "6.36.0",
          "System.IdentityModel.Tokens.Jwt": "6.36.0"
        }
      },
      "Microsoft.Playwright": {
        "type": "CentralTransitive",
        "requested": "[1.63.0, )",
        "resolved": "1.63.0",
        "contentHash": "O9F45Tt5vjauIo7mTTgQtahigL7cfRLvBMpErLJfdvgCnQ14yue5BmRASNnfNBWRBni4Mqp2YiD1eFGIO4nUUw==",
        "dependencies": {
          "Microsoft.Bcl.AsyncInterfaces": "6.0.0",
          "System.ComponentModel.Annotations": "5.0.0"
        }
      },
      "MonoTorrent": {
        "type": "CentralTransitive",
        "requested": "[2.0.7, )",
        "resolved": "2.0.7",
        "contentHash": "xNzK9pD+U79/wB03ztOBv+7Pr8ra1nWmnLwcSPVQ2BkIL6yiiYiLVIGoECR9GTI5F2yRsQQv55hDbI7GsjYptA==",
        "dependencies": {
          "Mono.Nat": "[3.0.1, 4.0.0)",
          "ReusableTasks": "[2.0.0, 3.0.0)"
        }
      },
      "Moq": {
        "type": "CentralTransitive",
        "requested": "[4.21.0, )",
        "resolved": "4.21.0",
        "contentHash": "HUjrhhzEJ/AfbSBCnR8lPkpveVGpV/dNuOlnpfqBNTME93izly1CRV4N5zBySqz4m2yCRlHLPy/PnPzYokbwIg==",
        "dependencies": {
          "Castle.Core": "5.2.1"
        }
      },
      "Newtonsoft.Json": {
        "type": "CentralTransitive",
        "requested": "[13.0.4, )",
        "resolved": "13.0.4",
        "contentHash": "pdgNNMai3zv51W5aq268sujXUyx7SNdE2bj1wZcWjAQrKMFZV260lbqYop1d2GM67JI1huLRwxo9ZqnfF/lC6A=="
      },
      "NLog": {
        "type": "CentralTransitive",
        "requested": "[5.5.1, )",
        "resolved": "5.5.1",
        "contentHash": "ZpLbXSi91tZJPjzNefE+3NugAkQtpWZpSLfZWJGcP1y8qMiXDKxW/nAQ+LYWo7GwH2iYsbKOdsLCK9S3BeRQxA=="
      },
      "NLog.Extensions.Logging": {
        "type": "CentralTransitive",
        "requested": "[5.5.0, )",
        "resolved": "5.5.0",
        "contentHash": "l8gxUThXCiV5Vcilz9SF2/mf39p9ccdm+V3zoadQIfnv5dMHiy6BH8PSF/9ptOMHfUXZI5qOlBTiO+YcoMY/4Q==",
        "dependencies": {
          "NLog": "5.5.0"
        }
      },
      "NLog.Targets.Syslog": {
        "type": "CentralTransitive",
        "requested": "[7.0.0, )",
        "resolved": "7.0.0",
        "contentHash": "yYiir0SbZsWmFokvugeyikO4YBhoFzDaVW5bEDrCaS1xQVRs+WMDjdAB5eUjIXpwoUnMP88fMPYhvrIi0LoDlA==",
        "dependencies": {
          "NLog": "5.0.0",
          "Polly.Contrib.WaitAndRetry": "1.1.1"
        }
      },
      "Npgsql": {
        "type": "CentralTransitive",
        "requested": "[7.0.10, )",
        "resolved": "7.0.10",
        "contentHash": "uN5/+JbIa+B4YeADMls+AtP+bXSHLeOTIEf4RmWtuA5qUM/qVdURsFJurHVBLpF3vs0Zf8iuafdG4vL1/ABu2A=="
      },
      "PdfSharpCore": {
        "type": "CentralTransitive",
        "requested": "[1.3.65, )",
        "resolved": "1.3.65",
        "contentHash": "mkN1EZ1VtH4+x97DEvmno5goRU3j4myuWD7IxO9MuxRcc1iOcUfhq75RmxZSAH9dQCZhpGpLUJSkwlRRnzElAg==",
        "dependencies": {
          "SharpZipLib": "1.4.2",
          "SixLabors.Fonts": "1.0.0-beta17",
          "SixLabors.ImageSharp": "1.0.4"
        }
      },
      "Polly": {
        "type": "CentralTransitive",
        "requested": "[8.5.2, )",
        "resolved": "8.5.2",
        "contentHash": "vbXsGgkG86nG+TOwY+SmtrGrRHmHH0DQaxtILx//d3Dz/ocJ8izSNYzdvU2gEtWa/LDD8zJLvD3HdjEkdlvkhg==",
        "dependencies": {
          "Polly.Core": "8.5.2"
        }
      },
      "RestSharp": {
        "type": "CentralTransitive",
        "requested": "[106.15.0, )",
        "resolved": "106.15.0",
        "contentHash": "HM7ohR6AscxedNenrrl93DSZG6hvdnA7O+NHyCl/6ZKTfn8psQ9rRmUpcb9eWr+140vmfxoVemql0bUoeGEW3A=="
      },
      "RestSharp.Serializers.SystemTextJson": {
        "type": "CentralTransitive",
        "requested": "[106.15.0, )",
        "resolved": "106.15.0",
        "contentHash": "EX4tp4YZ4WoNoYmTXIzVnYkGBWk0E5eicJhc1cUQ7SUyFUQbBWs9mQ86/WNPZiC6xlKQni5MXs9ecJ5/ySiORA==",
        "dependencies": {
          "RestSharp": "106.15.0"
        }
      },
      "Servarr.FluentMigrator.Runner": {
        "type": "CentralTransitive",
        "requested": "[3.3.2.9, )",
        "resolved": "3.3.2.9",
        "contentHash": "AKudY5Q22phmQTfTYwyQwyEBp8OxM2E22OnKYm3AteiPvHJ6A/MFzjzbA8eQz8E0Z44K87Az08Oiyhtg9JlkXQ==",
        "dependencies": {
          "Servarr.FluentMigrator": "3.3.2.9",
          "Servarr.FluentMigrator.Runner.Core": "3.3.2.9",
          "Servarr.FluentMigrator.Runner.Db2": "3.3.2.9",
          "Servarr.FluentMigrator.Runner.Firebird": "3.3.2.9",
          "Servarr.FluentMigrator.Runner.Hana": "3.3.2.9",
          "Servarr.FluentMigrator.Runner.MySql": "3.3.2.9",
          "Servarr.FluentMigrator.Runner.Oracle": "3.3.2.9",
          "Servarr.FluentMigrator.Runner.Postgres": "3.3.2.9",
          "Servarr.FluentMigrator.Runner.Redshift": "3.3.2.9",
          "Servarr.FluentMigrator.Runner.SQLite": "3.3.2.9",
          "Servarr.FluentMigrator.Runner.SqlAnywhere": "3.3.2.9",
          "Servarr.FluentMigrator.Runner.SqlServer": "3.3.2.9",
          "Servarr.FluentMigrator.Runner.SqlServerCe": "3.3.2.9"
        }
      },
      "Servarr.FluentMigrator.Runner.Postgres": {
        "type": "CentralTransitive",
        "requested": "[3.3.2.9, )",
        "resolved": "3.3.2.9",
        "contentHash": "vrJ8t8W8dOtwjUtc5e+W7FdAH6jTGr6bl642CWttfewh+jEI8l/Ymdy7mueSY4masu4AyD4HcSJDTgzESWrYIg==",
        "dependencies": {
          "Servarr.FluentMigrator.Extensions.Postgres": "3.3.2.9",
          "Servarr.FluentMigrator.Runner.Core": "3.3.2.9"
        }
      },
      "Servarr.FluentMigrator.Runner.SQLite": {
        "type": "CentralTransitive",
        "requested": "[3.3.2.9, )",
        "resolved": "3.3.2.9",
        "contentHash": "wF35gswBUZodu+kkhypMB30Z5+ZTD1o5DPxYy+T/jW+5LXxN5JcBt0qMKtVNFb/K2WHgNCPnayYDHK8D2WnbNw==",
        "dependencies": {
          "Servarr.FluentMigrator.Runner.Core": "3.3.2.9"
        }
      },
      "SharpZipLib": {
        "type": "CentralTransitive",
        "requested": "[1.4.2, )",
        "resolved": "1.4.2",
        "contentHash": "yjj+3zgz8zgXpiiC3ZdF/iyTBbz2fFvMxZFEBPUcwZjIvXOf37Ylm+K58hqMfIBt5JgU/Z2uoUS67JmTLe973A=="
      },
      "SixLabors.ImageSharp": {
        "type": "CentralTransitive",
        "requested": "[3.1.11, )",
        "resolved": "3.1.11",
        "contentHash": "JfPLyigLthuE50yi6tMt7Amrenr/fA31t2CvJyhy/kQmfulIBAqo5T/YFUSRHtuYPXRSaUHygFeh6Qd933EoSw=="
      },
      "Swashbuckle.AspNetCore.Annotations": {
        "type": "CentralTransitive",
        "requested": "[6.6.2, )",
        "resolved": "6.6.2",
        "contentHash": "itEYQwWam7FT/8qUEMmC+BDt38J4w52NDod9yUeWpIKA7pM1xo+FbGSjXR6Q9oLOTT1PiJ+zYVf5Ij6pVX99tw==",
        "dependencies": {
          "Swashbuckle.AspNetCore.SwaggerGen": "6.6.2"
        }
      },
      "Swashbuckle.AspNetCore.SwaggerGen": {
        "type": "CentralTransitive",
        "requested": "[6.6.2, )",
        "resolved": "6.6.2",
        "contentHash": "zv4ikn4AT1VYuOsDCpktLq4QDq08e7Utzbir86M5/ZkRaLXbCPF11E1/vTmOiDzRTl0zTZINQU2qLKwTcHgfrA==",
        "dependencies": {
          "Swashbuckle.AspNetCore.Swagger": "6.6.2"
        }
      },
      "System.Configuration.ConfigurationManager": {
        "type": "CentralTransitive",
        "requested": "[10.0.12, )",
        "resolved": "10.0.12",
        "contentHash": "6KP/CGB9YymJuhNorm5FS/urQJB40h6t4DIiXN8J1VT/jINZHNgjzcdWRHGYuXGLwO7SCOq5K/OMAnh6oRbeLg==",
        "dependencies": {
          "System.Security.Cryptography.ProtectedData": "10.0.12"
        }
      },
      "System.Data.SQLite.Core.Servarr": {
        "type": "CentralTransitive",
        "requested": "[1.0.115.5-18, )",
        "resolved": "1.0.115.5-18",
        "contentHash": "bqSg3X04ugH2gqau7NGh3JHQ3zfchtwUdyBDs4AIEAi00iKZeINz6VQb85VkMMqzqQCN+i59pF/cPkoTLafiuA=="
      },
      "System.IdentityModel.Tokens.Jwt": {
        "type": "CentralTransitive",
        "requested": "[6.36.0, )",
        "resolved": "6.36.0",
        "contentHash": "8RKI7qlT6yuEFBId/Ne2VDfa0bh5aUKJLHRV0YuSnYEtnMNJTrbUJyyXwtqEhV9Ykk2bV997QKBFi3Ni8P+wAw==",
        "dependencies": {
          "Microsoft.IdentityModel.JsonWebTokens": "6.36.0",
          "Microsoft.IdentityModel.Tokens": "6.36.0"
        }
      },
      "System.IO.Abstractions": {
        "type": "CentralTransitive",
        "requested": "[17.0.24, )",
        "resolved": "17.0.24",
        "contentHash": "hA7bacntMiZv1Yf9xtjwl/GP3GT1mG84QxhAk7ijAUD0pJhJaVVwXScE13vMpXnNtlaRDW6SeyZdWg2j2qrh4w=="
      },
      "System.IO.Abstractions.TestingHelpers": {
        "type": "CentralTransitive",
        "requested": "[17.0.24, )",
        "resolved": "17.0.24",
        "contentHash": "PePTkh5aFsCWSUmc3msyRdJS+aJ15DZDmhgnnjuR7lBSfEyeOi3+CfQqpU28+lpmLH1tFv16K2ODcUNg7lzOPA==",
        "dependencies": {
          "System.IO.Abstractions": "17.0.24"
        }
      },
      "System.Reflection.TypeExtensions": {
        "type": "CentralTransitive",
        "requested": "[4.7.0, )",
        "resolved": "4.7.0",
        "contentHash": "VybpaOQQhqE6siHppMktjfGBw1GCwvCqiufqmP8F1nj7fTUNtW35LOEt3UZTEsECfo+ELAl/9o9nJx3U91i7vA=="
      },
      "System.Security.Permissions": {
        "type": "CentralTransitive",
        "requested": "[10.0.12, )",
        "resolved": "10.0.12",
        "contentHash": "WkhmKe2rEGkqOYOFR1WNM7PGQ6Z/tArb8PMcVi0943KZtQC7IJUkLAQ3Cnx6XPeRb3DUkTDfeZmz+TiJ1R5YPQ==",
        "dependencies": {
          "System.Windows.Extensions": "10.0.12"
        }
      },
      "System.ServiceProcess.ServiceController": {
        "type": "CentralTransitive",
        "requested": "[10.0.12, )",
        "resolved": "10.0.12",
        "contentHash": "sFV+RM/yPtshiCAEIuTm8Dt4F7VuKRbL50PnGC9nXHolk/jw+z3T8zx7axKTBC8mqtQU2ZmjsoPC9b1iwOilNQ=="
      },
      "System.ValueTuple": {
        "type": "CentralTransitive",
        "requested": "[4.6.1, )",
        "resolved": "4.6.1",
        "contentHash": "+RJT4qaekpZ7DDLhf+LTjq+E48jieKiY9ulJ+BoxKmZblIJfIJT8Ufcaa/clQqnYvWs8jugfGSMu8ylS0caG0w=="
      }
    },
    "net10.0/linux-musl-arm64": {
      "Microsoft.Data.SqlClient.SNI.runtime": {
        "type": "Transitive",
        "resolved": "2.1.1",
        "contentHash": "JwGDWkyZgm7SATJmFLfT2G4teimvNbNtq3lsS9a5DzvhEZnQrZjZhevCU0vdx8MjheLHoG5vocuO03QtioFQxQ=="
      },
      "System.Runtime.Caching": {
        "type": "Transitive",
        "resolved": "4.7.0",
        "contentHash": "NdvNRjTPxYvIEhXQszT9L9vJhdQoX6AQ0AlhjTU+5NqFQVuacJTfhPVAvtGWNA2OJCqRiR/okBcZgMwI6MqcZg==",
        "dependencies": {
          "System.Configuration.ConfigurationManager": "4.7.0"
        }
      },
      "System.Security.Cryptography.Pkcs": {
        "type": "Transitive",
        "resolved": "10.0.0",
        "contentHash": "UPWqLSygJlFerRi9XNIuM0a1VC8gHUIufyP24xQ0sc+XimqUAEcjpOz9DhKpyDjH+5B/wO3RpC0KpkEeDj/ddg=="
      },
      "System.Windows.Extensions": {
        "type": "Transitive",
        "resolved": "10.0.12",
        "contentHash": "J+FZruVjELSk2NMe3MQNyCXszIlx1b7qOjUBCSbhabomYIVWpFS5QCnPdxE8K6SVt7Gja7ohpXX1oLLXRAIuzw=="
      },
      "Microsoft.Data.SqlClient": {
        "type": "CentralTransitive",
        "requested": "[2.1.7, )",
        "resolved": "2.1.7",
        "contentHash": "dSdlcXPszeOjjDX9a0buMFgYqKrI5bTxdSgX3JyCa+OL80NUstJSxOJr0j9oOn8mpP5PgWeRC2bVf/Zf2Cjv+g==",
        "dependencies": {
          "Microsoft.Data.SqlClient.SNI.runtime": "2.1.1",
          "Microsoft.Identity.Client": "4.21.1",
          "Microsoft.IdentityModel.JsonWebTokens": "6.8.0",
          "Microsoft.IdentityModel.Protocols.OpenIdConnect": "6.8.0",
          "System.Configuration.ConfigurationManager": "4.7.0",
          "System.Runtime.Caching": "4.7.0"
        }
      },
      "System.Data.SQLite.Core.Servarr": {
        "type": "CentralTransitive",
        "requested": "[1.0.115.5-18, )",
        "resolved": "1.0.115.5-18",
        "contentHash": "bqSg3X04ugH2gqau7NGh3JHQ3zfchtwUdyBDs4AIEAi00iKZeINz6VQb85VkMMqzqQCN+i59pF/cPkoTLafiuA=="
      },
      "System.ServiceProcess.ServiceController": {
        "type": "CentralTransitive",
        "requested": "[10.0.12, )",
        "resolved": "10.0.12",
        "contentHash": "sFV+RM/yPtshiCAEIuTm8Dt4F7VuKRbL50PnGC9nXHolk/jw+z3T8zx7axKTBC8mqtQU2ZmjsoPC9b1iwOilNQ=="
      }
    },
    "net10.0/linux-musl-x64": {
      "Microsoft.Data.SqlClient.SNI.runtime": {
        "type": "Transitive",
        "resolved": "2.1.1",
        "contentHash": "JwGDWkyZgm7SATJmFLfT2G4teimvNbNtq3lsS9a5DzvhEZnQrZjZhevCU0vdx8MjheLHoG5vocuO03QtioFQxQ=="
      },
      "System.Runtime.Caching": {
        "type": "Transitive",
        "resolved": "4.7.0",
        "contentHash": "NdvNRjTPxYvIEhXQszT9L9vJhdQoX6AQ0AlhjTU+5NqFQVuacJTfhPVAvtGWNA2OJCqRiR/okBcZgMwI6MqcZg==",
        "dependencies": {
          "System.Configuration.ConfigurationManager": "4.7.0"
        }
      },
      "System.Security.Cryptography.Pkcs": {
        "type": "Transitive",
        "resolved": "10.0.0",
        "contentHash": "UPWqLSygJlFerRi9XNIuM0a1VC8gHUIufyP24xQ0sc+XimqUAEcjpOz9DhKpyDjH+5B/wO3RpC0KpkEeDj/ddg=="
      },
      "System.Windows.Extensions": {
        "type": "Transitive",
        "resolved": "10.0.12",
        "contentHash": "J+FZruVjELSk2NMe3MQNyCXszIlx1b7qOjUBCSbhabomYIVWpFS5QCnPdxE8K6SVt7Gja7ohpXX1oLLXRAIuzw=="
      },
      "Microsoft.Data.SqlClient": {
        "type": "CentralTransitive",
        "requested": "[2.1.7, )",
        "resolved": "2.1.7",
        "contentHash": "dSdlcXPszeOjjDX9a0buMFgYqKrI5bTxdSgX3JyCa+OL80NUstJSxOJr0j9oOn8mpP5PgWeRC2bVf/Zf2Cjv+g==",
        "dependencies": {
          "Microsoft.Data.SqlClient.SNI.runtime": "2.1.1",
          "Microsoft.Identity.Client": "4.21.1",
          "Microsoft.IdentityModel.JsonWebTokens": "6.8.0",
          "Microsoft.IdentityModel.Protocols.OpenIdConnect": "6.8.0",
          "System.Configuration.ConfigurationManager": "4.7.0",
          "System.Runtime.Caching": "4.7.0"
        }
      },
      "System.Data.SQLite.Core.Servarr": {
        "type": "CentralTransitive",
        "requested": "[1.0.115.5-18, )",
        "resolved": "1.0.115.5-18",
        "contentHash": "bqSg3X04ugH2gqau7NGh3JHQ3zfchtwUdyBDs4AIEAi00iKZeINz6VQb85VkMMqzqQCN+i59pF/cPkoTLafiuA=="
      },
      "System.ServiceProcess.ServiceController": {
        "type": "CentralTransitive",
        "requested": "[10.0.12, )",
        "resolved": "10.0.12",
        "contentHash": "sFV+RM/yPtshiCAEIuTm8Dt4F7VuKRbL50PnGC9nXHolk/jw+z3T8zx7axKTBC8mqtQU2ZmjsoPC9b1iwOilNQ=="
      }
    },
    "net10.0/linux-x64": {
      "Microsoft.Data.SqlClient.SNI.runtime": {
        "type": "Transitive",
        "resolved": "2.1.1",
        "contentHash": "JwGDWkyZgm7SATJmFLfT2G4teimvNbNtq3lsS9a5DzvhEZnQrZjZhevCU0vdx8MjheLHoG5vocuO03QtioFQxQ=="
      },
      "System.Runtime.Caching": {
        "type": "Transitive",
        "resolved": "4.7.0",
        "contentHash": "NdvNRjTPxYvIEhXQszT9L9vJhdQoX6AQ0AlhjTU+5NqFQVuacJTfhPVAvtGWNA2OJCqRiR/okBcZgMwI6MqcZg==",
        "dependencies": {
          "System.Configuration.ConfigurationManager": "4.7.0"
        }
      },
      "System.Security.Cryptography.Pkcs": {
        "type": "Transitive",
        "resolved": "10.0.0",
        "contentHash": "UPWqLSygJlFerRi9XNIuM0a1VC8gHUIufyP24xQ0sc+XimqUAEcjpOz9DhKpyDjH+5B/wO3RpC0KpkEeDj/ddg=="
      },
      "System.Windows.Extensions": {
        "type": "Transitive",
        "resolved": "10.0.12",
        "contentHash": "J+FZruVjELSk2NMe3MQNyCXszIlx1b7qOjUBCSbhabomYIVWpFS5QCnPdxE8K6SVt7Gja7ohpXX1oLLXRAIuzw=="
      },
      "Microsoft.Data.SqlClient": {
        "type": "CentralTransitive",
        "requested": "[2.1.7, )",
        "resolved": "2.1.7",
        "contentHash": "dSdlcXPszeOjjDX9a0buMFgYqKrI5bTxdSgX3JyCa+OL80NUstJSxOJr0j9oOn8mpP5PgWeRC2bVf/Zf2Cjv+g==",
        "dependencies": {
          "Microsoft.Data.SqlClient.SNI.runtime": "2.1.1",
          "Microsoft.Identity.Client": "4.21.1",
          "Microsoft.IdentityModel.JsonWebTokens": "6.8.0",
          "Microsoft.IdentityModel.Protocols.OpenIdConnect": "6.8.0",
          "System.Configuration.ConfigurationManager": "4.7.0",
          "System.Runtime.Caching": "4.7.0"
        }
      },
      "System.Data.SQLite.Core.Servarr": {
        "type": "CentralTransitive",
        "requested": "[1.0.115.5-18, )",
        "resolved": "1.0.115.5-18",
        "contentHash": "bqSg3X04ugH2gqau7NGh3JHQ3zfchtwUdyBDs4AIEAi00iKZeINz6VQb85VkMMqzqQCN+i59pF/cPkoTLafiuA=="
      },
      "System.ServiceProcess.ServiceController": {
        "type": "CentralTransitive",
        "requested": "[10.0.12, )",
        "resolved": "10.0.12",
        "contentHash": "sFV+RM/yPtshiCAEIuTm8Dt4F7VuKRbL50PnGC9nXHolk/jw+z3T8zx7axKTBC8mqtQU2ZmjsoPC9b1iwOilNQ=="
      }
    }
  }
}